
Microsoft Visual Studio Solution File, Format Version 12.00
# Visual Studio 15
VisualStudioVersion = 15.0.28010.2036
MinimumVisualStudioVersion = 10.0.40219.1
Project("{FAE04EC0-301F-11D3-BF4B-00C04F79EFBC}") = "Array", "Array\Array.csproj", "{60A281BD-59C4-44AC-9DA4-1A8D41E12F00}"
EndProject
Project("{FAE04EC0-301F-11D3-BF4B-00C04F79EFBC}") = "Array 2", "Array 2\Array 2.csproj", "{45A40757-972C-4E1E-ABE7-4527953F9E9F}"
EndProject
Project("{FAE04EC0-301F-11D3-BF4B-00C04F79EFBC}") = "Array 3", "Array 3\Array 3.csproj", "{D7E52513-7F2D-42AB-8322-0F5D41A0EF2D}"
EndProject
Global
	GlobalSection(SolutionConfigurationPlatforms) = preSolution
		Debug|Any CPU = Debug|Any CPU
		Release|Any CPU = Release|Any CPU
	EndGlobalSection
	GlobalSection(ProjectConfigurationPlatforms) = postSolution
		{60A281BD-59C4-44AC-9DA4-1A8D41E12F00}.Debug|Any CPU.ActiveCfg = Debug|Any CPU
		{60A281BD-59C4-44AC-9DA4-1A8D41E12F00}.Debug|Any CPU.Build.0 = Debug|Any CPU
		{60A281BD-59C4-44AC-9DA4-1A8D41E12F00}.Release|Any CPU.ActiveCfg = Release|Any CPU
		{60A281BD-59C4-44AC-9DA4-1A8D41E12F00}.Release|Any CPU.Build.0 = Release|Any CPU
		{45A40757-972C-4E1E-ABE7-4527953F9E9F}.Debug|Any CPU.ActiveCfg = Debug|Any CPU
		{45A40757-972C-4E1E-ABE7-4527953F9E9F}.Debug|Any CPU.Build.0 = Debug|Any CPU
		{45A40757-972C-4E1E-ABE7-4527953F9E9F}.Release|Any CPU.ActiveCfg = Release|Any CPU
		{45A40757-972C-4E1E-ABE7-4527953F9E9F}.Release|Any CPU.Build.0 = Release|Any CPU
		{D7E52513-7F2D-42AB-8322-0F5D41A0EF2D}.Debug|Any CPU.ActiveCfg = Debug|Any CPU
		{D7E52513-7F2D-42AB-8322-0F5D41A0EF2D}.Debug|Any CPU.Build.0 = Debug|Any CPU
		{D7E52513-7F2D-42AB-8322-0F5D41A0EF2D}.Release|Any CPU.ActiveCfg = Release|Any CPU
		{D7E52513-7F2D-42AB-8322-0F5D41A0EF2D}.Release|Any CPU.Build.0 = Release|Any CPU
	EndGlobalSection
	GlobalSection(SolutionProperties) = preSolution
		HideSolutionNode = FALSE
	EndGlobalSection
	GlobalSection(ExtensibilityGlobals) = postSolution
		SolutionGuid = {3529BF95-2926-4B7F-AE50-E45E6C864889}
	EndGlobalSection
EndGlobal
