
Microsoft Visual Studio Solution File, Format Version 12.00
# Visual Studio Version 16
VisualStudioVersion = 16.0.29306.81
MinimumVisualStudioVersion = 10.0.40219.1
Project("{FAE04EC0-301F-11D3-BF4B-00C04F79EFBC}") = "Problem 1", "Problem 1\Problem 1.csproj", "{96BBEFD2-FDED-47AD-B346-D5AB0C948E08}"
EndProject
Project("{FAE04EC0-301F-11D3-BF4B-00C04F79EFBC}") = "Problem 2", "Problem 2\Problem 2.csproj", "{03C9A3B3-7037-42F0-B66E-71B7FC1772B9}"
EndProject
Project("{FAE04EC0-301F-11D3-BF4B-00C04F79EFBC}") = "Problem 3", "Problem 3\Problem 3.csproj", "{5FED836B-DFF5-4AC4-A8D5-8059DF9E662E}"
EndProject
Project("{FAE04EC0-301F-11D3-BF4B-00C04F79EFBC}") = "Problem 4", "Problem 4\Problem 4.csproj", "{2E8BD7E1-2A40-4BF3-B8E3-DD040BC94FEF}"
EndProject
Global
	GlobalSection(SolutionConfigurationPlatforms) = preSolution
		Debug|Any CPU = Debug|Any CPU
		Release|Any CPU = Release|Any CPU
	EndGlobalSection
	GlobalSection(ProjectConfigurationPlatforms) = postSolution
		{96BBEFD2-FDED-47AD-B346-D5AB0C948E08}.Debug|Any CPU.ActiveCfg = Debug|Any CPU
		{96BBEFD2-FDED-47AD-B346-D5AB0C948E08}.Debug|Any CPU.Build.0 = Debug|Any CPU
		{96BBEFD2-FDED-47AD-B346-D5AB0C948E08}.Release|Any CPU.ActiveCfg = Release|Any CPU
		{96BBEFD2-FDED-47AD-B346-D5AB0C948E08}.Release|Any CPU.Build.0 = Release|Any CPU
		{03C9A3B3-7037-42F0-B66E-71B7FC1772B9}.Debug|Any CPU.ActiveCfg = Debug|Any CPU
		{03C9A3B3-7037-42F0-B66E-71B7FC1772B9}.Debug|Any CPU.Build.0 = Debug|Any CPU
		{03C9A3B3-7037-42F0-B66E-71B7FC1772B9}.Release|Any CPU.ActiveCfg = Release|Any CPU
		{03C9A3B3-7037-42F0-B66E-71B7FC1772B9}.Release|Any CPU.Build.0 = Release|Any CPU
		{5FED836B-DFF5-4AC4-A8D5-8059DF9E662E}.Debug|Any CPU.ActiveCfg = Debug|Any CPU
		{5FED836B-DFF5-4AC4-A8D5-8059DF9E662E}.Debug|Any CPU.Build.0 = Debug|Any CPU
		{5FED836B-DFF5-4AC4-A8D5-8059DF9E662E}.Release|Any CPU.ActiveCfg = Release|Any CPU
		{5FED836B-DFF5-4AC4-A8D5-8059DF9E662E}.Release|Any CPU.Build.0 = Release|Any CPU
		{2E8BD7E1-2A40-4BF3-B8E3-DD040BC94FEF}.Debug|Any CPU.ActiveCfg = Debug|Any CPU
		{2E8BD7E1-2A40-4BF3-B8E3-DD040BC94FEF}.Debug|Any CPU.Build.0 = Debug|Any CPU
		{2E8BD7E1-2A40-4BF3-B8E3-DD040BC94FEF}.Release|Any CPU.ActiveCfg = Release|Any CPU
		{2E8BD7E1-2A40-4BF3-B8E3-DD040BC94FEF}.Release|Any CPU.Build.0 = Release|Any CPU
	EndGlobalSection
	GlobalSection(SolutionProperties) = preSolution
		HideSolutionNode = FALSE
	EndGlobalSection
	GlobalSection(ExtensibilityGlobals) = postSolution
		SolutionGuid = {33D9A82C-EAA1-4A15-8FE1-323F838DDEA3}
	EndGlobalSection
EndGlobal
