
Microsoft Visual Studio Solution File, Format Version 12.00
# Visual Studio 15
VisualStudioVersion = 15.0.28010.2036
MinimumVisualStudioVersion = 10.0.40219.1
Project("{FAE04EC0-301F-11D3-BF4B-00C04F79EFBC}") = "MakingDecisionLab", "MakingDecisionLab\MakingDecisionLab.csproj", "{2ADA6E3A-157C-4A73-9326-6A70997FB706}"
EndProject
Project("{FAE04EC0-301F-11D3-BF4B-00C04F79EFBC}") = "ToUpperEx", "ToUpperEx\ToUpperEx.csproj", "{8231EF39-C451-413F-B4DC-669C55ED287E}"
EndProject
Project("{FAE04EC0-301F-11D3-BF4B-00C04F79EFBC}") = "Expressions", "Expressions\Expressions.csproj", "{92959E25-2356-4321-A843-FEE421901370}"
EndProject
Global
	GlobalSection(SolutionConfigurationPlatforms) = preSolution
		Debug|Any CPU = Debug|Any CPU
		Release|Any CPU = Release|Any CPU
	EndGlobalSection
	GlobalSection(ProjectConfigurationPlatforms) = postSolution
		{2ADA6E3A-157C-4A73-9326-6A70997FB706}.Debug|Any CPU.ActiveCfg = Debug|Any CPU
		{2ADA6E3A-157C-4A73-9326-6A70997FB706}.Debug|Any CPU.Build.0 = Debug|Any CPU
		{2ADA6E3A-157C-4A73-9326-6A70997FB706}.Release|Any CPU.ActiveCfg = Release|Any CPU
		{2ADA6E3A-157C-4A73-9326-6A70997FB706}.Release|Any CPU.Build.0 = Release|Any CPU
		{8231EF39-C451-413F-B4DC-669C55ED287E}.Debug|Any CPU.ActiveCfg = Debug|Any CPU
		{8231EF39-C451-413F-B4DC-669C55ED287E}.Debug|Any CPU.Build.0 = Debug|Any CPU
		{8231EF39-C451-413F-B4DC-669C55ED287E}.Release|Any CPU.ActiveCfg = Release|Any CPU
		{8231EF39-C451-413F-B4DC-669C55ED287E}.Release|Any CPU.Build.0 = Release|Any CPU
		{92959E25-2356-4321-A843-FEE421901370}.Debug|Any CPU.ActiveCfg = Debug|Any CPU
		{92959E25-2356-4321-A843-FEE421901370}.Debug|Any CPU.Build.0 = Debug|Any CPU
		{92959E25-2356-4321-A843-FEE421901370}.Release|Any CPU.ActiveCfg = Release|Any CPU
		{92959E25-2356-4321-A843-FEE421901370}.Release|Any CPU.Build.0 = Release|Any CPU
	EndGlobalSection
	GlobalSection(SolutionProperties) = preSolution
		HideSolutionNode = FALSE
	EndGlobalSection
	GlobalSection(ExtensibilityGlobals) = postSolution
		SolutionGuid = {373E3EC0-F610-40D6-AF38-F22582201677}
	EndGlobalSection
EndGlobal
