
Microsoft Visual Studio Solution File, Format Version 12.00
# Visual Studio 15
VisualStudioVersion = 15.0.28010.2036
MinimumVisualStudioVersion = 10.0.40219.1
Project("{FAE04EC0-301F-11D3-BF4B-00C04F79EFBC}") = "WhileLoop", "WhileLoop\WhileLoop.csproj", "{0E960891-3FE9-4B0B-990F-0737923061C9}"
EndProject
Project("{FAE04EC0-301F-11D3-BF4B-00C04F79EFBC}") = "DoLoop", "DoLoop\DoLoop.csproj", "{308494F9-FAD0-4E9D-A568-5826A99F5483}"
EndProject
Project("{FAE04EC0-301F-11D3-BF4B-00C04F79EFBC}") = "DoLoopTries", "DoLoopTries\DoLoopTries.csproj", "{21B2211F-781C-4FF4-ABFB-54D93DE47D2E}"
EndProject
Project("{FAE04EC0-301F-11D3-BF4B-00C04F79EFBC}") = "ForLoop", "ForLoop\ForLoop.csproj", "{BC984CF9-BDC9-469C-84DD-01FEBF3D9A00}"
EndProject
Project("{FAE04EC0-301F-11D3-BF4B-00C04F79EFBC}") = "ForLoopTries", "ForLoopTries\ForLoopTries.csproj", "{748B3894-F9F6-4890-A782-2836AE5FB31C}"
EndProject
Global
	GlobalSection(SolutionConfigurationPlatforms) = preSolution
		Debug|Any CPU = Debug|Any CPU
		Release|Any CPU = Release|Any CPU
	EndGlobalSection
	GlobalSection(ProjectConfigurationPlatforms) = postSolution
		{0E960891-3FE9-4B0B-990F-0737923061C9}.Debug|Any CPU.ActiveCfg = Debug|Any CPU
		{0E960891-3FE9-4B0B-990F-0737923061C9}.Debug|Any CPU.Build.0 = Debug|Any CPU
		{0E960891-3FE9-4B0B-990F-0737923061C9}.Release|Any CPU.ActiveCfg = Release|Any CPU
		{0E960891-3FE9-4B0B-990F-0737923061C9}.Release|Any CPU.Build.0 = Release|Any CPU
		{308494F9-FAD0-4E9D-A568-5826A99F5483}.Debug|Any CPU.ActiveCfg = Debug|Any CPU
		{308494F9-FAD0-4E9D-A568-5826A99F5483}.Debug|Any CPU.Build.0 = Debug|Any CPU
		{308494F9-FAD0-4E9D-A568-5826A99F5483}.Release|Any CPU.ActiveCfg = Release|Any CPU
		{308494F9-FAD0-4E9D-A568-5826A99F5483}.Release|Any CPU.Build.0 = Release|Any CPU
		{21B2211F-781C-4FF4-ABFB-54D93DE47D2E}.Debug|Any CPU.ActiveCfg = Debug|Any CPU
		{21B2211F-781C-4FF4-ABFB-54D93DE47D2E}.Debug|Any CPU.Build.0 = Debug|Any CPU
		{21B2211F-781C-4FF4-ABFB-54D93DE47D2E}.Release|Any CPU.ActiveCfg = Release|Any CPU
		{21B2211F-781C-4FF4-ABFB-54D93DE47D2E}.Release|Any CPU.Build.0 = Release|Any CPU
		{BC984CF9-BDC9-469C-84DD-01FEBF3D9A00}.Debug|Any CPU.ActiveCfg = Debug|Any CPU
		{BC984CF9-BDC9-469C-84DD-01FEBF3D9A00}.Debug|Any CPU.Build.0 = Debug|Any CPU
		{BC984CF9-BDC9-469C-84DD-01FEBF3D9A00}.Release|Any CPU.ActiveCfg = Release|Any CPU
		{BC984CF9-BDC9-469C-84DD-01FEBF3D9A00}.Release|Any CPU.Build.0 = Release|Any CPU
		{748B3894-F9F6-4890-A782-2836AE5FB31C}.Debug|Any CPU.ActiveCfg = Debug|Any CPU
		{748B3894-F9F6-4890-A782-2836AE5FB31C}.Debug|Any CPU.Build.0 = Debug|Any CPU
		{748B3894-F9F6-4890-A782-2836AE5FB31C}.Release|Any CPU.ActiveCfg = Release|Any CPU
		{748B3894-F9F6-4890-A782-2836AE5FB31C}.Release|Any CPU.Build.0 = Release|Any CPU
	EndGlobalSection
	GlobalSection(SolutionProperties) = preSolution
		HideSolutionNode = FALSE
	EndGlobalSection
	GlobalSection(ExtensibilityGlobals) = postSolution
		SolutionGuid = {68254C72-A42E-4425-9DCE-F2207FCE12D9}
	EndGlobalSection
EndGlobal
