
Microsoft Visual Studio Solution File, Format Version 12.00
# Visual Studio 15
VisualStudioVersion = 15.0.28010.2036
MinimumVisualStudioVersion = 10.0.40219.1
Project("{FAE04EC0-301F-11D3-BF4B-00C04F79EFBC}") = "Problem 3", "Problem 3\Problem 3.csproj", "{D105B938-5758-4183-80DB-A1E80BF1B5F5}"
EndProject
Project("{FAE04EC0-301F-11D3-BF4B-00C04F79EFBC}") = "Problem 1", "Problem 1\Problem 1.csproj", "{661EE480-EE83-4D56-AF18-5D67CAD7812A}"
EndProject
Project("{FAE04EC0-301F-11D3-BF4B-00C04F79EFBC}") = "Problem 4", "Problem 4\Problem 4.csproj", "{A3652D1F-0963-4977-9828-E2EDAA2F0CD0}"
EndProject
Global
	GlobalSection(SolutionConfigurationPlatforms) = preSolution
		Debug|Any CPU = Debug|Any CPU
		Release|Any CPU = Release|Any CPU
	EndGlobalSection
	GlobalSection(ProjectConfigurationPlatforms) = postSolution
		{D105B938-5758-4183-80DB-A1E80BF1B5F5}.Debug|Any CPU.ActiveCfg = Debug|Any CPU
		{D105B938-5758-4183-80DB-A1E80BF1B5F5}.Debug|Any CPU.Build.0 = Debug|Any CPU
		{D105B938-5758-4183-80DB-A1E80BF1B5F5}.Release|Any CPU.ActiveCfg = Release|Any CPU
		{D105B938-5758-4183-80DB-A1E80BF1B5F5}.Release|Any CPU.Build.0 = Release|Any CPU
		{661EE480-EE83-4D56-AF18-5D67CAD7812A}.Debug|Any CPU.ActiveCfg = Debug|Any CPU
		{661EE480-EE83-4D56-AF18-5D67CAD7812A}.Debug|Any CPU.Build.0 = Debug|Any CPU
		{661EE480-EE83-4D56-AF18-5D67CAD7812A}.Release|Any CPU.ActiveCfg = Release|Any CPU
		{661EE480-EE83-4D56-AF18-5D67CAD7812A}.Release|Any CPU.Build.0 = Release|Any CPU
		{A3652D1F-0963-4977-9828-E2EDAA2F0CD0}.Debug|Any CPU.ActiveCfg = Debug|Any CPU
		{A3652D1F-0963-4977-9828-E2EDAA2F0CD0}.Debug|Any CPU.Build.0 = Debug|Any CPU
		{A3652D1F-0963-4977-9828-E2EDAA2F0CD0}.Release|Any CPU.ActiveCfg = Release|Any CPU
		{A3652D1F-0963-4977-9828-E2EDAA2F0CD0}.Release|Any CPU.Build.0 = Release|Any CPU
	EndGlobalSection
	GlobalSection(SolutionProperties) = preSolution
		HideSolutionNode = FALSE
	EndGlobalSection
	GlobalSection(ExtensibilityGlobals) = postSolution
		SolutionGuid = {A6689B14-3AE3-493F-A1E8-7B1F81A09DCB}
	EndGlobalSection
EndGlobal
